dependencies:
- name: rbac
  repository: https://stakater.github.io/stakater-charts
  version: 1.0.6
- name: extra-manifests
  repository: https://kfirfer.github.io/charts/
  version: 1.0.5
digest: sha256:ef865bbaede93f5c8cf68d9457a38cbafa4226a5529843111090dd6f7b18dac3
generated: "2025-03-23T15:41:54.293999836+03:30"
